
Microsoft Visual Studio Solution File, Format Version 12.00
# Visual Studio Version 17
VisualStudioVersion = 17.3.32929.385
MinimumVisualStudioVersion = 10.0.40219.1
Project("{F184B08F-C81C-45F6-A57F-5ABD9991F28F}") = "Money Sort", "Money Sort.vbproj", "{C2730486-14B9-41B1-B825-06189CBC51C8}"
EndProject
Global
	GlobalSection(SolutionConfigurationPlatforms) = preSolution
		Debug|Any CPU = Debug|Any CPU
		Release|Any CPU = Release|Any CPU
	EndGlobalSection
	GlobalSection(ProjectConfigurationPlatforms) = postSolution
		{C2730486-14B9-41B1-B825-06189CBC51C8}.Debug|Any CPU.ActiveCfg = Debug|Any CPU
		{C2730486-14B9-41B1-B825-06189CBC51C8}.Debug|Any CPU.Build.0 = Debug|Any CPU
		{C2730486-14B9-41B1-B825-06189CBC51C8}.Release|Any CPU.ActiveCfg = Release|Any CPU
		{C2730486-14B9-41B1-B825-06189CBC51C8}.Release|Any CPU.Build.0 = Release|Any CPU
	EndGlobalSection
	GlobalSection(SolutionProperties) = preSolution
		HideSolutionNode = FALSE
	EndGlobalSection
	GlobalSection(ExtensibilityGlobals) = postSolution
		SolutionGuid = {1B1320C3-D83B-4DC6-9C9E-096C71BF25C2}
	EndGlobalSection
EndGlobal
